
Microsoft Visual Studio Solution File, Format Version 12.00
# Visual Studio Version 16
VisualStudioVersion = 16.0.30621.155
MinimumVisualStudioVersion = 10.0.40219.1
Project("{9A19103F-16F7-4668-BE54-9A1E7A4F7556}") = "sma-api", "sma-api\sma-api.csproj", "{0614D0B9-3FCB-409C-B766-A292FD1013E5}"
EndProject
Project("{9A19103F-16F7-4668-BE54-9A1E7A4F7556}") = "sma-core", "sma-core\sma-core.csproj", "{D19B5D27-5F4F-45C2-8D38-0771397BCA08}"
EndProject
Project("{FAE04EC0-301F-11D3-BF4B-00C04F79EFBC}") = "sma-services", "sma-services\sma-services.csproj", "{0AD88988-B7C7-4B92-8E50-07B21F43C5CA}"
EndProject
Global
	GlobalSection(SolutionConfigurationPlatforms) = preSolution
		Debug|Any CPU = Debug|Any CPU
		Release|Any CPU = Release|Any CPU
	EndGlobalSection
	GlobalSection(ProjectConfigurationPlatforms) = postSolution
		{0614D0B9-3FCB-409C-B766-A292FD1013E5}.Debug|Any CPU.ActiveCfg = Debug|Any CPU
		{0614D0B9-3FCB-409C-B766-A292FD1013E5}.Debug|Any CPU.Build.0 = Debug|Any CPU
		{0614D0B9-3FCB-409C-B766-A292FD1013E5}.Release|Any CPU.ActiveCfg = Release|Any CPU
		{0614D0B9-3FCB-409C-B766-A292FD1013E5}.Release|Any CPU.Build.0 = Release|Any CPU
		{D19B5D27-5F4F-45C2-8D38-0771397BCA08}.Debug|Any CPU.ActiveCfg = Debug|Any CPU
		{D19B5D27-5F4F-45C2-8D38-0771397BCA08}.Debug|Any CPU.Build.0 = Debug|Any CPU
		{D19B5D27-5F4F-45C2-8D38-0771397BCA08}.Release|Any CPU.ActiveCfg = Release|Any CPU
		{D19B5D27-5F4F-45C2-8D38-0771397BCA08}.Release|Any CPU.Build.0 = Release|Any CPU
		{0AD88988-B7C7-4B92-8E50-07B21F43C5CA}.Debug|Any CPU.ActiveCfg = Debug|Any CPU
		{0AD88988-B7C7-4B92-8E50-07B21F43C5CA}.Debug|Any CPU.Build.0 = Debug|Any CPU
		{0AD88988-B7C7-4B92-8E50-07B21F43C5CA}.Release|Any CPU.ActiveCfg = Release|Any CPU
		{0AD88988-B7C7-4B92-8E50-07B21F43C5CA}.Release|Any CPU.Build.0 = Release|Any CPU
	EndGlobalSection
	GlobalSection(SolutionProperties) = preSolution
		HideSolutionNode = FALSE
	EndGlobalSection
	GlobalSection(ExtensibilityGlobals) = postSolution
		SolutionGuid = {1B90129C-5953-43CB-A4C4-2FC562EE1A9F}
	EndGlobalSection
EndGlobal
